
Microsoft Visual Studio Solution File, Format Version 12.00
# Visual Studio Version 16
VisualStudioVersion = 16.0.30225.117
MinimumVisualStudioVersion = 10.0.40219.1
Project("{FAE04EC0-301F-11D3-BF4B-00C04F79EFBC}") = "AppNetCore", "AppNetCore.csproj", "{70D4983F-4580-431F-9458-65E6A793ABDB}"
EndProject
Global
	GlobalSection(SolutionConfigurationPlatforms) = preSolution
		Debug|Any CPU = Debug|Any CPU
		Release|Any CPU = Release|Any CPU
	EndGlobalSection
	GlobalSection(ProjectConfigurationPlatforms) = postSolution
		{70D4983F-4580-431F-9458-65E6A793ABDB}.Debug|Any CPU.ActiveCfg = Debug|Any CPU
		{70D4983F-4580-431F-9458-65E6A793ABDB}.Debug|Any CPU.Build.0 = Debug|Any CPU
		{70D4983F-4580-431F-9458-65E6A793ABDB}.Release|Any CPU.ActiveCfg = Release|Any CPU
		{70D4983F-4580-431F-9458-65E6A793ABDB}.Release|Any CPU.Build.0 = Release|Any CPU
	EndGlobalSection
	GlobalSection(SolutionProperties) = preSolution
		HideSolutionNode = FALSE
	EndGlobalSection
	GlobalSection(ExtensibilityGlobals) = postSolution
		SolutionGuid = {8D3CA843-4582-40B4-BFBB-32AC3AEC590E}
	EndGlobalSection
EndGlobal
